
Microsoft Visual Studio Solution File, Format Version 12.00
# Visual Studio Version 17
VisualStudioVersion = 17.4.33205.214
MinimumVisualStudioVersion = 10.0.40219.1
Project("{FAE04EC0-301F-11D3-BF4B-00C04F79EFBC}") = "la engine", "la client\la engine.csproj", "{C149768A-7790-4AB0-BA0B-D3665BC11988}"
EndProject
Global
	GlobalSection(SolutionConfigurationPlatforms) = preSolution
		Debug|Any CPU = Debug|Any CPU
		Release|Any CPU = Release|Any CPU
	EndGlobalSection
	GlobalSection(ProjectConfigurationPlatforms) = postSolution
		{C149768A-7790-4AB0-BA0B-D3665BC11988}.Debug|Any CPU.ActiveCfg = Debug|Any CPU
		{C149768A-7790-4AB0-BA0B-D3665BC11988}.Debug|Any CPU.Build.0 = Debug|Any CPU
		{C149768A-7790-4AB0-BA0B-D3665BC11988}.Release|Any CPU.ActiveCfg = Release|Any CPU
		{C149768A-7790-4AB0-BA0B-D3665BC11988}.Release|Any CPU.Build.0 = Release|Any CPU
	EndGlobalSection
	GlobalSection(SolutionProperties) = preSolution
		HideSolutionNode = FALSE
	EndGlobalSection
	GlobalSection(ExtensibilityGlobals) = postSolution
		SolutionGuid = {3AE1BA54-B391-47F9-99DD-D2D17A362DC2}
	EndGlobalSection
EndGlobal
